
Microsoft Visual Studio Solution File, Format Version 11.00
# Visual Studio 2010
Project("{F184B08F-C81C-45F6-A57F-5ABD9991F28F}") = "Loop", "Loop\Loop.vbproj", "{182E9491-D6FF-4A2C-9EB8-D7D8AF763EFD}"
EndProject
Global
	GlobalSection(SolutionConfigurationPlatforms) = preSolution
		Debug|x86 = Debug|x86
		Release|x86 = Release|x86
	EndGlobalSection
	GlobalSection(ProjectConfigurationPlatforms) = postSolution
		{182E9491-D6FF-4A2C-9EB8-D7D8AF763EFD}.Debug|x86.ActiveCfg = Debug|x86
		{182E9491-D6FF-4A2C-9EB8-D7D8AF763EFD}.Debug|x86.Build.0 = Debug|x86
		{182E9491-D6FF-4A2C-9EB8-D7D8AF763EFD}.Release|x86.ActiveCfg = Release|x86
		{182E9491-D6FF-4A2C-9EB8-D7D8AF763EFD}.Release|x86.Build.0 = Release|x86
	EndGlobalSection
	GlobalSection(SolutionProperties) = preSolution
		HideSolutionNode = FALSE
	EndGlobalSection
EndGlobal
